
Microsoft Visual Studio Solution File, Format Version 12.00
# Visual Studio Version 16
VisualStudioVersion = 16.0.30320.27
MinimumVisualStudioVersion = 10.0.40219.1
Project("{FAE04EC0-301F-11D3-BF4B-00C04F79EFBC}") = "Portfolio.WebSite", "Portfolio.WebSite\Portfolio.WebSite.csproj", "{397A031B-F8A1-4DBB-AC4E-7ECAEDB5B2EB}"
EndProject
Global
	GlobalSection(SolutionConfigurationPlatforms) = preSolution
		Debug|Any CPU = Debug|Any CPU
		Release|Any CPU = Release|Any CPU
	EndGlobalSection
	GlobalSection(ProjectConfigurationPlatforms) = postSolution
		{397A031B-F8A1-4DBB-AC4E-7ECAEDB5B2EB}.Debug|Any CPU.ActiveCfg = Debug|Any CPU
		{397A031B-F8A1-4DBB-AC4E-7ECAEDB5B2EB}.Debug|Any CPU.Build.0 = Debug|Any CPU
		{397A031B-F8A1-4DBB-AC4E-7ECAEDB5B2EB}.Release|Any CPU.ActiveCfg = Release|Any CPU
		{397A031B-F8A1-4DBB-AC4E-7ECAEDB5B2EB}.Release|Any CPU.Build.0 = Release|Any CPU
	EndGlobalSection
	GlobalSection(SolutionProperties) = preSolution
		HideSolutionNode = FALSE
	EndGlobalSection
	GlobalSection(ExtensibilityGlobals) = postSolution
		SolutionGuid = {A004566D-B60F-417C-8E50-92C7B15D8D2F}
	EndGlobalSection
EndGlobal
